// !$*UTF8*$!
{
	archiveVersion = 1;
	classes = {
	};
	objectVersion = 46;
	objects = {

/* Begin PBXBuildFile section */
		A208C73A1C57652900550505 /* ObstacleEntity.swift in Sources */ = {isa = PBXBuildFile; fileRef = A208C7391C57652900550505 /* ObstacleEntity.swift */; };
		A208C73C1C57E41500550505 /* PlayerEntity.swift in Sources */ = {isa = PBXBuildFile; fileRef = A208C73B1C57E41500550505 /* PlayerEntity.swift */; };
		A208C7401C57E4DB00550505 /* SpriteComponent.swift in Sources */ = {isa = PBXBuildFile; fileRef = A208C73F1C57E4DB00550505 /* SpriteComponent.swift */; };
		A208C7421C57E6C000550505 /* MovementComponent.swift in Sources */ = {isa = PBXBuildFile; fileRef = A208C7411C57E6C000550505 /* MovementComponent.swift */; };
		A20944021C5ADA2100BAB961 /* PauseState.swift in Sources */ = {isa = PBXBuildFile; fileRef = A20944011C5ADA2100BAB961 /* PauseState.swift */; };
		A2111BB91C58037C0029B0F3 /* coin.wav in Resources */ = {isa = PBXBuildFile; fileRef = A2111BB21C58037C0029B0F3 /* coin.wav */; };
		A2111BBA1C58037C0029B0F3 /* ding.wav in Resources */ = {isa = PBXBuildFile; fileRef = A2111BB31C58037C0029B0F3 /* ding.wav */; };
		A2111BBB1C58037C0029B0F3 /* falling.wav in Resources */ = {isa = PBXBuildFile; fileRef = A2111BB41C58037C0029B0F3 /* falling.wav */; };
		A2111BBC1C58037C0029B0F3 /* flapping.wav in Resources */ = {isa = PBXBuildFile; fileRef = A2111BB51C58037C0029B0F3 /* flapping.wav */; };
		A2111BBD1C58037C0029B0F3 /* hitGround.wav in Resources */ = {isa = PBXBuildFile; fileRef = A2111BB61C58037C0029B0F3 /* hitGround.wav */; };
		A2111BBE1C58037C0029B0F3 /* pop.wav in Resources */ = {isa = PBXBuildFile; fileRef = A2111BB71C58037C0029B0F3 /* pop.wav */; };
		A2111BBF1C58037C0029B0F3 /* whack.wav in Resources */ = {isa = PBXBuildFile; fileRef = A2111BB81C58037C0029B0F3 /* whack.wav */; };
		A223C2C11C59A9AA0055281E /* PlayingState.swift in Sources */ = {isa = PBXBuildFile; fileRef = A223C2C01C59A9AA0055281E /* PlayingState.swift */; };
		A223C2C31C59A9B10055281E /* FallingState.swift in Sources */ = {isa = PBXBuildFile; fileRef = A223C2C21C59A9B10055281E /* FallingState.swift */; };
		A223C2C51C59A9B90055281E /* GameOverState.swift in Sources */ = {isa = PBXBuildFile; fileRef = A223C2C41C59A9B90055281E /* GameOverState.swift */; };
		A223C2ED1C59F1AC0055281E /* MainMenuState.swift in Sources */ = {isa = PBXBuildFile; fileRef = A223C2EC1C59F1AC0055281E /* MainMenuState.swift */; };
		A223C2EF1C59F1B80055281E /* TutorialState.swift in Sources */ = {isa = PBXBuildFile; fileRef = A223C2EE1C59F1B80055281E /* TutorialState.swift */; };
		A27927EE1C5814F400C94BB9 /* kirby.mp3 in Resources */ = {isa = PBXBuildFile; fileRef = A27927ED1C5814F400C94BB9 /* kirby.mp3 */; };
		A28C3E091C5D86240090EBA7 /* Info.plist in Resources */ = {isa = PBXBuildFile; fileRef = A2C4CDE71C3C601B00EC0CA6 /* Info.plist */; };
		A28C3E0D1C5D86C70090EBA7 /* 8BitWonder.TTF in Resources */ = {isa = PBXBuildFile; fileRef = A28C3E0C1C5D86C70090EBA7 /* 8BitWonder.TTF */; };
		A2C4CDD81C3C601B00EC0CA6 /* AppDelegate.swift in Sources */ = {isa = PBXBuildFile; fileRef = A2C4CDD71C3C601B00EC0CA6 /* AppDelegate.swift */; };
		A2C4CDDC1C3C601B00EC0CA6 /* GameScene.swift in Sources */ = {isa = PBXBuildFile; fileRef = A2C4CDDB1C3C601B00EC0CA6 /* GameScene.swift */; };
		A2C4CDDE1C3C601B00EC0CA6 /* GameViewController.swift in Sources */ = {isa = PBXBuildFile; fileRef = A2C4CDDD1C3C601B00EC0CA6 /* GameViewController.swift */; };
		A2C4CDE11C3C601B00EC0CA6 /* Main.storyboard in Resources */ = {isa = PBXBuildFile; fileRef = A2C4CDDF1C3C601B00EC0CA6 /* Main.storyboard */; };
		A2C4CDE31C3C601B00EC0CA6 /* Assets.xcassets in Resources */ = {isa = PBXBuildFile; fileRef = A2C4CDE21C3C601B00EC0CA6 /* Assets.xcassets */; };
		A2C4CDE61C3C601B00EC0CA6 /* LaunchScreen.storyboard in Resources */ = {isa = PBXBuildFile; fileRef = A2C4CDE41C3C601B00EC0CA6 /* LaunchScreen.storyboard */; };
/* End PBXBuildFile section */

/* Begin PBXFileReference section */
		A208C7391C57652900550505 /* ObstacleEntity.swift */ = {isa = PBXFileReference; fileEncoding = 4; lastKnownFileType = sourcecode.swift; path = ObstacleEntity.swift; sourceTree = "<group>"; };
		A208C73B1C57E41500550505 /* PlayerEntity.swift */ = {isa = PBXFileReference; fileEncoding = 4; lastKnownFileType = sourcecode.swift; path = PlayerEntity.swift; sourceTree = "<group>"; };
		A208C73F1C57E4DB00550505 /* SpriteComponent.swift */ = {isa = PBXFileReference; fileEncoding = 4; lastKnownFileType = sourcecode.swift; path = SpriteComponent.swift; sourceTree = "<group>"; };
		A208C7411C57E6C000550505 /* MovementComponent.swift */ = {isa = PBXFileReference; fileEncoding = 4; lastKnownFileType = sourcecode.swift; path = MovementComponent.swift; sourceTree = "<group>"; };
		A20944011C5ADA2100BAB961 /* PauseState.swift */ = {isa = PBXFileReference; fileEncoding = 4; lastKnownFileType = sourcecode.swift; path = PauseState.swift; sourceTree = "<group>"; };
		A2111BB21C58037C0029B0F3 /* coin.wav */ = {isa = PBXFileReference; lastKnownFileType = audio.wav; path = coin.wav; sourceTree = "<group>"; };
		A2111BB31C58037C0029B0F3 /* ding.wav */ = {isa = PBXFileReference; lastKnownFileType = audio.wav; path = ding.wav; sourceTree = "<group>"; };
		A2111BB41C58037C0029B0F3 /* falling.wav */ = {isa = PBXFileReference; lastKnownFileType = audio.wav; path = falling.wav; sourceTree = "<group>"; };
		A2111BB51C58037C0029B0F3 /* flapping.wav */ = {isa = PBXFileReference; lastKnownFileType = audio.wav; path = flapping.wav; sourceTree = "<group>"; };
		A2111BB61C58037C0029B0F3 /* hitGround.wav */ = {isa = PBXFileReference; lastKnownFileType = audio.wav; path = hitGround.wav; sourceTree = "<group>"; };
		A2111BB71C58037C0029B0F3 /* pop.wav */ = {isa = PBXFileReference; lastKnownFileType = audio.wav; path = pop.wav; sourceTree = "<group>"; };
		A2111BB81C58037C0029B0F3 /* whack.wav */ = {isa = PBXFileReference; lastKnownFileType = audio.wav; path = whack.wav; sourceTree = "<group>"; };
		A223C2C01C59A9AA0055281E /* PlayingState.swift */ = {isa = PBXFileReference; fileEncoding = 4; lastKnownFileType = sourcecode.swift; path = PlayingState.swift; sourceTree = "<group>"; };
		A223C2C21C59A9B10055281E /* FallingState.swift */ = {isa = PBXFileReference; fileEncoding = 4; lastKnownFileType = sourcecode.swift; path = FallingState.swift; sourceTree = "<group>"; };
		A223C2C41C59A9B90055281E /* GameOverState.swift */ = {isa = PBXFileReference; fileEncoding = 4; lastKnownFileType = sourcecode.swift; path = GameOverState.swift; sourceTree = "<group>"; };
		A223C2EC1C59F1AC0055281E /* MainMenuState.swift */ = {isa = PBXFileReference; fileEncoding = 4; lastKnownFileType = sourcecode.swift; path = MainMenuState.swift; sourceTree = "<group>"; };
		A223C2EE1C59F1B80055281E /* TutorialState.swift */ = {isa = PBXFileReference; fileEncoding = 4; lastKnownFileType = sourcecode.swift; path = TutorialState.swift; sourceTree = "<group>"; };
		A27927ED1C5814F400C94BB9 /* kirby.mp3 */ = {isa = PBXFileReference; lastKnownFileType = audio.mp3; path = kirby.mp3; sourceTree = "<group>"; };
		A28C3E0C1C5D86C70090EBA7 /* 8BitWonder.TTF */ = {isa = PBXFileReference; lastKnownFileType = file; path = 8BitWonder.TTF; sourceTree = "<group>"; };
		A2C4CDD41C3C601B00EC0CA6 /* FlappyKirby.app */ = {isa = PBXFileReference; explicitFileType = wrapper.application; includeInIndex = 0; path = FlappyKirby.app; sourceTree = BUILT_PRODUCTS_DIR; };
		A2C4CDD71C3C601B00EC0CA6 /* AppDelegate.swift */ = {isa = PBXFileReference; lastKnownFileType = sourcecode.swift; path = AppDelegate.swift; sourceTree = "<group>"; };
		A2C4CDDB1C3C601B00EC0CA6 /* GameScene.swift */ = {isa = PBXFileReference; lastKnownFileType = sourcecode.swift; path = GameScene.swift; sourceTree = "<group>"; };
		A2C4CDDD1C3C601B00EC0CA6 /* GameViewController.swift */ = {isa = PBXFileReference; lastKnownFileType = sourcecode.swift; path = GameViewController.swift; sourceTree = "<group>"; };
		A2C4CDE01C3C601B00EC0CA6 /* Base */ = {isa = PBXFileReference; lastKnownFileType = file.storyboard; name = Base; path = Base.lproj/Main.storyboard; sourceTree = "<group>"; };
		A2C4CDE21C3C601B00EC0CA6 /* Assets.xcassets */ = {isa = PBXFileReference; lastKnownFileType = folder.assetcatalog; path = Assets.xcassets; sourceTree = "<group>"; };
		A2C4CDE51C3C601B00EC0CA6 /* Base */ = {isa = PBXFileReference; lastKnownFileType = file.storyboard; name = Base; path = Base.lproj/LaunchScreen.storyboard; sourceTree = "<group>"; };
		A2C4CDE71C3C601B00EC0CA6 /* Info.plist */ = {isa = PBXFileReference; lastKnownFileType = text.plist.xml; path = Info.plist; sourceTree = "<group>"; };
/* End PBXFileReference section */

/* Begin PBXFrameworksBuildPhase section */
		A2C4CDD11C3C601B00EC0CA6 /* Frameworks */ = {
			isa = PBXFrameworksBuildPhase;
			buildActionMask = 2147483647;
			files = (
			);
			runOnlyForDeploymentPostprocessing = 0;
		};
/* End PBXFrameworksBuildPhase section */

/* Begin PBXGroup section */
		A208C73D1C57E44200550505 /* Components */ = {
			isa = PBXGroup;
			children = (
				A208C7411C57E6C000550505 /* MovementComponent.swift */,
				A208C73F1C57E4DB00550505 /* SpriteComponent.swift */,
			);
			name = Components;
			sourceTree = "<group>";
		};
		A208C73E1C57E44800550505 /* Enteties */ = {
			isa = PBXGroup;
			children = (
				A208C73B1C57E41500550505 /* PlayerEntity.swift */,
				A208C7391C57652900550505 /* ObstacleEntity.swift */,
			);
			name = Enteties;
			sourceTree = "<group>";
		};
		A2111BB01C58037C0029B0F3 /* Sounds */ = {
			isa = PBXGroup;
			children = (
				A2111BB11C58037C0029B0F3 /* .wdmc */,
				A2111BB21C58037C0029B0F3 /* coin.wav */,
				A27927ED1C5814F400C94BB9 /* kirby.mp3 */,
				A2111BB31C58037C0029B0F3 /* ding.wav */,
				A2111BB41C58037C0029B0F3 /* falling.wav */,
				A2111BB51C58037C0029B0F3 /* flapping.wav */,
				A2111BB61C58037C0029B0F3 /* hitGround.wav */,
				A2111BB71C58037C0029B0F3 /* pop.wav */,
				A2111BB81C58037C0029B0F3 /* whack.wav */,
			);
			path = Sounds;
			sourceTree = "<group>";
		};
		A2111BB11C58037C0029B0F3 /* .wdmc */ = {
			isa = PBXGroup;
			children = (
			);
			path = .wdmc;
			sourceTree = "<group>";
		};
		A21E3EE01C5AEE9900B76DB4 /* Fonts */ = {
			isa = PBXGroup;
			children = (
				A28C3E0C1C5D86C70090EBA7 /* 8BitWonder.TTF */,
			);
			name = Fonts;
			sourceTree = "<group>";
		};
		A223C2BF1C59A9940055281E /* Game States */ = {
			isa = PBXGroup;
			children = (
				A223C2C01C59A9AA0055281E /* PlayingState.swift */,
				A223C2C21C59A9B10055281E /* FallingState.swift */,
				A223C2C41C59A9B90055281E /* GameOverState.swift */,
				A223C2EC1C59F1AC0055281E /* MainMenuState.swift */,
				A223C2EE1C59F1B80055281E /* TutorialState.swift */,
				A20944011C5ADA2100BAB961 /* PauseState.swift */,
			);
			name = "Game States";
			sourceTree = "<group>";
		};
		A2C4CDCB1C3C601B00EC0CA6 = {
			isa = PBXGroup;
			children = (
				A2C4CDD61C3C601B00EC0CA6 /* FlappyKirby */,
				A2C4CDD51C3C601B00EC0CA6 /* Products */,
			);
			sourceTree = "<group>";
		};
		A2C4CDD51C3C601B00EC0CA6 /* Products */ = {
			isa = PBXGroup;
			children = (
				A2C4CDD41C3C601B00EC0CA6 /* FlappyKirby.app */,
			);
			name = Products;
			sourceTree = "<group>";
		};
		A2C4CDD61C3C601B00EC0CA6 /* FlappyKirby */ = {
			isa = PBXGroup;
			children = (
				A21E3EE01C5AEE9900B76DB4 /* Fonts */,
				A223C2BF1C59A9940055281E /* Game States */,
				A2111BB01C58037C0029B0F3 /* Sounds */,
				A208C73E1C57E44800550505 /* Enteties */,
				A208C73D1C57E44200550505 /* Components */,
				A2C4CDD71C3C601B00EC0CA6 /* AppDelegate.swift */,
				A2C4CDDD1C3C601B00EC0CA6 /* GameViewController.swift */,
				A2C4CDDB1C3C601B00EC0CA6 /* GameScene.swift */,
				A2C4CDDF1C3C601B00EC0CA6 /* Main.storyboard */,
				A2C4CDE21C3C601B00EC0CA6 /* Assets.xcassets */,
				A2C4CDE41C3C601B00EC0CA6 /* LaunchScreen.storyboard */,
				A2C4CDE71C3C601B00EC0CA6 /* Info.plist */,
			);
			path = FlappyKirby;
			sourceTree = "<group>";
		};
/* End PBXGroup section */

/* Begin PBXNativeTarget section */
		A2C4CDD31C3C601B00EC0CA6 /* FlappyKirby */ = {
			isa = PBXNativeTarget;
			buildConfigurationList = A2C4CDEA1C3C601B00EC0CA6 /* Build configuration list for PBXNativeTarget "FlappyKirby" */;
			buildPhases = (
				A2C4CDD01C3C601B00EC0CA6 /* Sources */,
				A2C4CDD11C3C601B00EC0CA6 /* Frameworks */,
				A2C4CDD21C3C601B00EC0CA6 /* Resources */,
			);
			buildRules = (
			);
			dependencies = (
			);
			name = FlappyKirby;
			productName = FlappyKirby;
			productReference = A2C4CDD41C3C601B00EC0CA6 /* FlappyKirby.app */;
			productType = "com.apple.product-type.application";
		};
/* End PBXNativeTarget section */

/* Begin PBXProject section */
		A2C4CDCC1C3C601B00EC0CA6 /* Project object */ = {
			isa = PBXProject;
			attributes = {
				LastSwiftUpdateCheck = 0720;
				LastUpgradeCheck = 0720;
				ORGANIZATIONNAME = "Oktay Gardener";
				TargetAttributes = {
					A2C4CDD31C3C601B00EC0CA6 = {
						CreatedOnToolsVersion = 7.2;
						DevelopmentTeam = U9VDVA67NW;
					};
				};
			};
			buildConfigurationList = A2C4CDCF1C3C601B00EC0CA6 /* Build configuration list for PBXProject "FlappyKirby" */;
			compatibilityVersion = "Xcode 3.2";
			developmentRegion = English;
			hasScannedForEncodings = 0;
			knownRegions = (
				en,
				Base,
			);
			mainGroup = A2C4CDCB1C3C601B00EC0CA6;
			productRefGroup = A2C4CDD51C3C601B00EC0CA6 /* Products */;
			projectDirPath = "";
			projectRoot = "";
			targets = (
				A2C4CDD31C3C601B00EC0CA6 /* FlappyKirby */,
			);
		};
/* End PBXProject section */

/* Begin PBXResourcesBuildPhase section */
		A2C4CDD21C3C601B00EC0CA6 /* Resources */ = {
			isa = PBXResourcesBuildPhase;
			buildActionMask = 2147483647;
			files = (
				A2111BBE1C58037C0029B0F3 /* pop.wav in Resources */,
				A2111BBC1C58037C0029B0F3 /* flapping.wav in Resources */,
				A28C3E0D1C5D86C70090EBA7 /* 8BitWonder.TTF in Resources */,
				A27927EE1C5814F400C94BB9 /* kirby.mp3 in Resources */,
				A2111BBA1C58037C0029B0F3 /* ding.wav in Resources */,
				A2C4CDE61C3C601B00EC0CA6 /* LaunchScreen.storyboard in Resources */,
				A2111BBB1C58037C0029B0F3 /* falling.wav in Resources */,
				A2111BB91C58037C0029B0F3 /* coin.wav in Resources */,
				A2111BBD1C58037C0029B0F3 /* hitGround.wav in Resources */,
				A28C3E091C5D86240090EBA7 /* Info.plist in Resources */,
				A2C4CDE31C3C601B00EC0CA6 /* Assets.xcassets in Resources */,
				A2C4CDE11C3C601B00EC0CA6 /* Main.storyboard in Resources */,
				A2111BBF1C58037C0029B0F3 /* whack.wav in Resources */,
			);
			runOnlyForDeploymentPostprocessing = 0;
		};
/* End PBXResourcesBuildPhase section */

/* Begin PBXSourcesBuildPhase section */
		A2C4CDD01C3C601B00EC0CA6 /* Sources */ = {
			isa = PBXSourcesBuildPhase;
			buildActionMask = 2147483647;
			files = (
				A208C73C1C57E41500550505 /* PlayerEntity.swift in Sources */,
				A208C7421C57E6C000550505 /* MovementComponent.swift in Sources */,
				A223C2ED1C59F1AC0055281E /* MainMenuState.swift in Sources */,
				A2C4CDDC1C3C601B00EC0CA6 /* GameScene.swift in Sources */,
				A208C73A1C57652900550505 /* ObstacleEntity.swift in Sources */,
				A2C4CDDE1C3C601B00EC0CA6 /* GameViewController.swift in Sources */,
				A223C2C31C59A9B10055281E /* FallingState.swift in Sources */,
				A208C7401C57E4DB00550505 /* SpriteComponent.swift in Sources */,
				A223C2C51C59A9B90055281E /* GameOverState.swift in Sources */,
				A223C2EF1C59F1B80055281E /* TutorialState.swift in Sources */,
				A20944021C5ADA2100BAB961 /* PauseState.swift in Sources */,
				A223C2C11C59A9AA0055281E /* PlayingState.swift in Sources */,
				A2C4CDD81C3C601B00EC0CA6 /* AppDelegate.swift in Sources */,
			);
			runOnlyForDeploymentPostprocessing = 0;
		};
/* End PBXSourcesBuildPhase section */

/* Begin PBXVariantGroup section */
		A2C4CDDF1C3C601B00EC0CA6 /* Main.storyboard */ = {
			isa = PBXVariantGroup;
			children = (
				A2C4CDE01C3C601B00EC0CA6 /* Base */,
			);
			name = Main.storyboard;
			sourceTree = "<group>";
		};
		A2C4CDE41C3C601B00EC0CA6 /* LaunchScreen.storyboard */ = {
			isa = PBXVariantGroup;
			children = (
				A2C4CDE51C3C601B00EC0CA6 /* Base */,
			);
			name = LaunchScreen.storyboard;
			sourceTree = "<group>";
		};
/* End PBXVariantGroup section */

/* Begin XCBuildConfiguration section */
		A2C4CDE81C3C601B00EC0CA6 /* Debug */ = {
			isa = XCBuildConfiguration;
			buildSettings = {
				ALWAYS_SEARCH_USER_PATHS = NO;
				CLANG_CXX_LANGUAGE_STANDARD = "gnu++0x";
				CLANG_CXX_LIBRARY = "libc++";
				CLANG_ENABLE_MODULES = YES;
				CLANG_ENABLE_OBJC_ARC = YES;
				CLANG_WARN_BOOL_CONVERSION = YES;
				CLANG_WARN_CONSTANT_CONVERSION = YES;
				CLANG_WARN_DIRECT_OBJC_ISA_USAGE = YES_ERROR;
				CLANG_WARN_EMPTY_BODY = YES;
				CLANG_WARN_ENUM_CONVERSION = YES;
				CLANG_WARN_INT_CONVERSION = YES;
				CLANG_WARN_OBJC_ROOT_CLASS = YES_ERROR;
				CLANG_WARN_UNREACHABLE_CODE = YES;
				CLANG_WARN__DUPLICATE_METHOD_MATCH = YES;
				"CODE_SIGN_IDENTITY[sdk=iphoneos*]" = "iPhone Developer";
				COPY_PHASE_STRIP = NO;
				DEBUG_INFORMATION_FORMAT = "dwarf-with-dsym";
				ENABLE_STRICT_OBJC_MSGSEND = YES;
				ENABLE_TESTABILITY = YES;
				GCC_C_LANGUAGE_STANDARD = gnu99;
				GCC_DYNAMIC_NO_PIC = NO;
				GCC_NO_COMMON_BLOCKS = YES;
				GCC_OPTIMIZATION_LEVEL = 0;
				GCC_PREPROCESSOR_DEFINITIONS = (
					"DEBUG=1",
					"$(inherited)",
				);
				GCC_WARN_64_TO_32_BIT_CONVERSION = YES;
				GCC_WARN_ABOUT_RETURN_TYPE = YES_ERROR;
				GCC_WARN_UNDECLARED_SELECTOR = YES;
				GCC_WARN_UNINITIALIZED_AUTOS = YES_AGGRESSIVE;
				GCC_WARN_UNUSED_FUNCTION = YES;
				GCC_WARN_UNUSED_VARIABLE = YES;
				IPHONEOS_DEPLOYMENT_TARGET = 9.2;
				MTL_ENABLE_DEBUG_INFO = YES;
				ONLY_ACTIVE_ARCH = YES;
				SDKROOT = iphoneos;
				SWIFT_OPTIMIZATION_LEVEL = "-Onone";
				TARGETED_DEVICE_FAMILY = "1,2";
			};
			name = Debug;
		};
		A2C4CDE91C3C601B00EC0CA6 /* Release */ = {
			isa = XCBuildConfiguration;
			buildSettings = {
				ALWAYS_SEARCH_USER_PATHS = NO;
				CLANG_CXX_LANGUAGE_STANDARD = "gnu++0x";
				CLANG_CXX_LIBRARY = "libc++";
				CLANG_ENABLE_MODULES = YES;
				CLANG_ENABLE_OBJC_ARC = YES;
				CLANG_WARN_BOOL_CONVERSION = YES;
				CLANG_WARN_CONSTANT_CONVERSION = YES;
				CLANG_WARN_DIRECT_OBJC_ISA_USAGE = YES_ERROR;
				CLANG_WARN_EMPTY_BODY = YES;
				CLANG_WARN_ENUM_CONVERSION = YES;
				CLANG_WARN_INT_CONVERSION = YES;
				CLANG_WARN_OBJC_ROOT_CLASS = YES_ERROR;
				CLANG_WARN_UNREACHABLE_CODE = YES;
				CLANG_WARN__DUPLICATE_METHOD_MATCH = YES;
				"CODE_SIGN_IDENTITY[sdk=iphoneos*]" = "iPhone Developer";
				COPY_PHASE_STRIP = NO;
				DEBUG_INFORMATION_FORMAT = "dwarf-with-dsym";
				ENABLE_NS_ASSERTIONS = NO;
				ENABLE_STRICT_OBJC_MSGSEND = YES;
				GCC_C_LANGUAGE_STANDARD = gnu99;
				GCC_NO_COMMON_BLOCKS = YES;
				GCC_WARN_64_TO_32_BIT_CONVERSION = YES;
				GCC_WARN_ABOUT_RETURN_TYPE = YES_ERROR;
				GCC_WARN_UNDECLARED_SELECTOR = YES;
				GCC_WARN_UNINITIALIZED_AUTOS = YES_AGGRESSIVE;
				GCC_WARN_UNUSED_FUNCTION = YES;
				GCC_WARN_UNUSED_VARIABLE = YES;
				IPHONEOS_DEPLOYMENT_TARGET = 9.2;
				MTL_ENABLE_DEBUG_INFO = NO;
				SDKROOT = iphoneos;
				TARGETED_DEVICE_FAMILY = "1,2";
				VALIDATE_PRODUCT = YES;
			};
			name = Release;
		};
		A2C4CDEB1C3C601B00EC0CA6 /* Debug */ = {
			isa = XCBuildConfiguration;
			buildSettings = {
				ASSETCATALOG_COMPILER_APPICON_NAME = AppIcon;
				INFOPLIST_FILE = FlappyKirby/Info.plist;
				IPHONEOS_DEPLOYMENT_TARGET = 9.2;
				LD_RUNPATH_SEARCH_PATHS = "$(inherited) @executable_path/Frameworks";
				PRODUCT_BUNDLE_IDENTIFIER = professoroak.FlappyKirby;
				PRODUCT_NAME = "$(TARGET_NAME)";
			};
			name = Debug;
		};
		A2C4CDEC1C3C601B00EC0CA6 /* Release */ = {
			isa = XCBuildConfiguration;
			buildSettings = {
				ASSETCATALOG_COMPILER_APPICON_NAME = AppIcon;
				INFOPLIST_FILE = FlappyKirby/Info.plist;
				IPHONEOS_DEPLOYMENT_TARGET = 9.2;
				LD_RUNPATH_SEARCH_PATHS = "$(inherited) @executable_path/Frameworks";
				PRODUCT_BUNDLE_IDENTIFIER = professoroak.FlappyKirby;
				PRODUCT_NAME = "$(TARGET_NAME)";
			};
			name = Release;
		};
/* End XCBuildConfiguration section */

/* Begin XCConfigurationList section */
		A2C4CDCF1C3C601B00EC0CA6 /* Build configuration list for PBXProject "FlappyKirby" */ = {
			isa = XCConfigurationList;
			buildConfigurations = (
				A2C4CDE81C3C601B00EC0CA6 /* Debug */,
				A2C4CDE91C3C601B00EC0CA6 /* Release */,
			);
			defaultConfigurationIsVisible = 0;
			defaultConfigurationName = Release;
		};
		A2C4CDEA1C3C601B00EC0CA6 /* Build configuration list for PBXNativeTarget "FlappyKirby" */ = {
			isa = XCConfigurationList;
			buildConfigurations = (
				A2C4CDEB1C3C601B00EC0CA6 /* Debug */,
				A2C4CDEC1C3C601B00EC0CA6 /* Release */,
			);
			defaultConfigurationIsVisible = 0;
			defaultConfigurationName = Release;
		};
/* End XCConfigurationList section */
	};
	rootObject = A2C4CDCC1C3C601B00EC0CA6 /* Project object */;
}
